
Microsoft Visual Studio Solution File, Format Version 12.00
# Visual Studio Version 16
VisualStudioVersion = 16.0.30503.244
MinimumVisualStudioVersion = 10.0.40219.1
Project("{FAE04EC0-301F-11D3-BF4B-00C04F79EFBC}") = "NewsProject", "NewsProject.csproj", "{EE21E067-7E4A-4160-8C59-243A6D5BB84F}"
EndProject
Global
	GlobalSection(SolutionConfigurationPlatforms) = preSolution
		Debug|Any CPU = Debug|Any CPU
		Release|Any CPU = Release|Any CPU
	EndGlobalSection
	GlobalSection(ProjectConfigurationPlatforms) = postSolution
		{EE21E067-7E4A-4160-8C59-243A6D5BB84F}.Debug|Any CPU.ActiveCfg = Debug|Any CPU
		{EE21E067-7E4A-4160-8C59-243A6D5BB84F}.Debug|Any CPU.Build.0 = Debug|Any CPU
		{EE21E067-7E4A-4160-8C59-243A6D5BB84F}.Release|Any CPU.ActiveCfg = Release|Any CPU
		{EE21E067-7E4A-4160-8C59-243A6D5BB84F}.Release|Any CPU.Build.0 = Release|Any CPU
	EndGlobalSection
	GlobalSection(SolutionProperties) = preSolution
		HideSolutionNode = FALSE
	EndGlobalSection
	GlobalSection(ExtensibilityGlobals) = postSolution
		SolutionGuid = {DC0F16C6-C39A-43D5-9B56-806591E5CB59}
	EndGlobalSection
EndGlobal
